{
  "name": "express-error-response",
  "version": "1.0.0",
  "lockfileVersion": 1,
  "dependencies": {
    "debug": {
      "version": "3.0.0",
      "resolved": "https://registry.npmjs.org/debug/-/debug-3.0.0.tgz",
      "integrity": "sha512-XQkHxxqbsCb+zFurCHbotmJZl5jXsxvkRt952pT6Hpo7LmjWAJF12d9/kqBg5owjbLADbBDli1olravjSiSg8g=="
    },
    "ms": {
      "version": "2.0.0",
      "resolved": "https://registry.npmjs.org/ms/-/ms-2.0.0.tgz",
      "integrity": "sha1-VgiurfwAvmwpAd9fmGF4jeDVl8g="
    }
  }
}
